
Microsoft Visual Studio Solution File, Format Version 12.00
# Visual Studio 15
Project("{FAE04EC0-301F-11D3-BF4B-00C04F79EFBC}") = "Project Poison", "Assembly-CSharp.csproj", "{B4E446F4-53EF-E93A-63FA-DEF270AA882D}"
EndProject
Global
	GlobalSection(SolutionConfigurationPlatforms) = preSolution
		Debug|Any CPU = Debug|Any CPU
		Release|Any CPU = Release|Any CPU
	EndGlobalSection
	GlobalSection(ProjectConfigurationPlatforms) = postSolution
		{B4E446F4-53EF-E93A-63FA-DEF270AA882D}.Debug|Any CPU.ActiveCfg = Debug|Any CPU
		{B4E446F4-53EF-E93A-63FA-DEF270AA882D}.Debug|Any CPU.Build.0 = Debug|Any CPU
		{B4E446F4-53EF-E93A-63FA-DEF270AA882D}.Release|Any CPU.ActiveCfg = Release|Any CPU
		{B4E446F4-53EF-E93A-63FA-DEF270AA882D}.Release|Any CPU.Build.0 = Release|Any CPU
	EndGlobalSection
	GlobalSection(SolutionProperties) = preSolution
		HideSolutionNode = FALSE
	EndGlobalSection
EndGlobal
